{
  "object": {
    "pins": [
      {
        "package": "libPhoneNumber",
        "repositoryURL": "https://github.com/sereivoanyong/libPhoneNumber",
        "state": {
          "branch": "master",
          "revision": "8531b9c58de3d274a64aeb2facc5cc6f591ba234",
          "version": null
        }
      }
    ]
  },
  "version": 1
}
